
Microsoft Visual Studio Solution File, Format Version 12.00
# Visual Studio 15
VisualStudioVersion = 15.0.27703.2047
MinimumVisualStudioVersion = 10.0.40219.1
Project("{FAE04EC0-301F-11D3-BF4B-00C04F79EFBC}") = "SimpleCRUDMongoDB", "SimpleCRUDMongoDB\SimpleCRUDMongoDB.csproj", "{48552A07-11CA-4D8A-AC72-234DD4F99D5A}"
EndProject
Global
	GlobalSection(SolutionConfigurationPlatforms) = preSolution
		Debug|Any CPU = Debug|Any CPU
		Release|Any CPU = Release|Any CPU
	EndGlobalSection
	GlobalSection(ProjectConfigurationPlatforms) = postSolution
		{48552A07-11CA-4D8A-AC72-234DD4F99D5A}.Debug|Any CPU.ActiveCfg = Debug|Any CPU
		{48552A07-11CA-4D8A-AC72-234DD4F99D5A}.Debug|Any CPU.Build.0 = Debug|Any CPU
		{48552A07-11CA-4D8A-AC72-234DD4F99D5A}.Release|Any CPU.ActiveCfg = Release|Any CPU
		{48552A07-11CA-4D8A-AC72-234DD4F99D5A}.Release|Any CPU.Build.0 = Release|Any CPU
	EndGlobalSection
	GlobalSection(SolutionProperties) = preSolution
		HideSolutionNode = FALSE
	EndGlobalSection
	GlobalSection(ExtensibilityGlobals) = postSolution
		SolutionGuid = {D81B5141-9A3E-47B9-B8EF-18C373F8ADE5}
	EndGlobalSection
EndGlobal
